<?xml version="1.0" encoding="utf-8"?>
<Project ToolsVersion="4.0" xmlns="http://schemas.microsoft.com/developer/msbuild/2003">
  <ItemGroup>
    <Filter Include="源文件">
      <UniqueIdentifier>{4FC737F1-C7A5-4376-A066-2A32D752A2FF}</UniqueIdentifier>
      <Extensions>cpp;c;cc;cxx;def;odl;idl;hpj;bat;asm;asmx</Extensions>
    </Filter>
    <Filter Include="头文件">
      <UniqueIdentifier>{93995380-89BD-4b04-88EB-625FBE52EBFB}</UniqueIdentifier>
      <Extensions>h;hh;hpp;hxx;hm;inl;inc;xsd</Extensions>
    </Filter>
    <Filter Include="资源文件">
      <UniqueIdentifier>{67DA6AB6-F800-4c08-8B7A-83BB121AAD01}</UniqueIdentifier>
      <Extensions>rc;ico;cur;bmp;dlg;rc2;rct;bin;rgs;gif;jpg;jpeg;jpe;resx;tiff;tif;png;wav;mfcribbon-ms</Extensions>
    </Filter>
  </ItemGroup>
  <ItemGroup>
    <Text Include="ReadMe.txt" />
  </ItemGroup>
  <ItemGroup>
    <ClInclude Include="stdafx.h">
      <Filter>头文件</Filter>
    </ClInclude>
    <ClInclude Include="targetver.h">
      <Filter>头文件</Filter>
    </ClInclude>
    <ClInclude Include="Resource.h">
      <Filter>头文件</Filter>
    </ClInclude>
    <ClInclude Include="ChineseChess.h">
      <Filter>头文件</Filter>
    </ClInclude>
    <ClInclude Include="Config.h">
      <Filter>头文件</Filter>
    </ClInclude>
    <ClInclude Include="Util.h">
      <Filter>头文件</Filter>
    </ClInclude>
    <ClInclude Include="ChessApp.h">
      <Filter>头文件</Filter>
    </ClInclude>
    <ClInclude Include="ChessBoard.h">
      <Filter>头文件</Filter>
    </ClInclude>
    <ClInclude Include="ChessPiece.h">
      <Filter>头文件</Filter>
    </ClInclude>
    <ClInclude Include="KingPiece.h">
      <Filter>头文件</Filter>
    </ClInclude>
    <ClInclude Include="AdvisorPiece.h">
      <Filter>头文件</Filter>
    </ClInclude>
    <ClInclude Include="BishopPiece.h">
      <Filter>头文件</Filter>
    </ClInclude>
    <ClInclude Include="CannonPiece.h">
      <Filter>头文件</Filter>
    </ClInclude>
    <ClInclude Include="KnightPiece.h">
      <Filter>头文件</Filter>
    </ClInclude>
    <ClInclude Include="PawnPiece.h">
      <Filter>头文件</Filter>
    </ClInclude>
    <ClInclude Include="PieceFactory.h">
      <Filter>头文件</Filter>
    </ClInclude>
    <ClInclude Include="RookPiece.h">
      <Filter>头文件</Filter>
    </ClInclude>
    <ClInclude Include="ClientSocket.h">
      <Filter>头文件</Filter>
    </ClInclude>
  </ItemGroup>
  <ItemGroup>
    <ClCompile Include="stdafx.cpp">
      <Filter>源文件</Filter>
    </ClCompile>
    <ClCompile Include="ChineseChess.cpp">
      <Filter>源文件</Filter>
    </ClCompile>
    <ClCompile Include="ChessApp.cpp">
      <Filter>源文件</Filter>
    </ClCompile>
    <ClCompile Include="ChessBoard.cpp">
      <Filter>源文件</Filter>
    </ClCompile>
    <ClCompile Include="ChessPiece.cpp">
      <Filter>源文件</Filter>
    </ClCompile>
    <ClCompile Include="KingPiece.cpp">
      <Filter>源文件</Filter>
    </ClCompile>
    <ClCompile Include="AdvisorPiece.cpp">
      <Filter>源文件</Filter>
    </ClCompile>
    <ClCompile Include="BishopPiece.cpp">
      <Filter>源文件</Filter>
    </ClCompile>
    <ClCompile Include="CannonPiece.cpp">
      <Filter>源文件</Filter>
    </ClCompile>
    <ClCompile Include="KnightPiece.cpp">
      <Filter>源文件</Filter>
    </ClCompile>
    <ClCompile Include="PawnPiece.cpp">
      <Filter>源文件</Filter>
    </ClCompile>
    <ClCompile Include="PieceFactory.cpp">
      <Filter>源文件</Filter>
    </ClCompile>
    <ClCompile Include="RookPiece.cpp">
      <Filter>源文件</Filter>
    </ClCompile>
    <ClCompile Include="ClientSocket.cpp">
      <Filter>源文件</Filter>
    </ClCompile>
  </ItemGroup>
  <ItemGroup>
    <ResourceCompile Include="ChineseChess.rc">
      <Filter>资源文件</Filter>
    </ResourceCompile>
  </ItemGroup>
  <ItemGroup>
    <Image Include="RES\BA.bmp">
      <Filter>资源文件</Filter>
    </Image>
    <Image Include="RES\BB.bmp">
      <Filter>资源文件</Filter>
    </Image>
    <Image Include="RES\BC.bmp">
      <Filter>资源文件</Filter>
    </Image>
    <Image Include="RES\BK.bmp">
      <Filter>资源文件</Filter>
    </Image>
    <Image Include="RES\BN.bmp">
      <Filter>资源文件</Filter>
    </Image>
    <Image Include="RES\BOARD.bmp">
      <Filter>资源文件</Filter>
    </Image>
    <Image Include="RES\BP.bmp">
      <Filter>资源文件</Filter>
    </Image>
    <Image Include="RES\BR.bmp">
      <Filter>资源文件</Filter>
    </Image>
    <Image Include="RES\ChineseChess.ico">
      <Filter>资源文件</Filter>
    </Image>
    <Image Include="RES\RA.bmp">
      <Filter>资源文件</Filter>
    </Image>
    <Image Include="RES\RB.bmp">
      <Filter>资源文件</Filter>
    </Image>
    <Image Include="RES\RC.bmp">
      <Filter>资源文件</Filter>
    </Image>
    <Image Include="RES\RK.bmp">
      <Filter>资源文件</Filter>
    </Image>
    <Image Include="RES\RN.bmp">
      <Filter>资源文件</Filter>
    </Image>
    <Image Include="RES\RP.bmp">
      <Filter>资源文件</Filter>
    </Image>
    <Image Include="RES\RR.bmp">
      <Filter>资源文件</Filter>
    </Image>
    <Image Include="RES\SELECTED.bmp">
      <Filter>资源文件</Filter>
    </Image>
    <Image Include="RES\small.ico">
      <Filter>资源文件</Filter>
    </Image>
    <Image Include="RES\XQWIZARD.ico">
      <Filter>资源文件</Filter>
    </Image>
  </ItemGroup>
  <ItemGroup>
    <Media Include="RES\CAPTURE.wav">
      <Filter>资源文件</Filter>
    </Media>
    <Media Include="RES\CAPTURE2.wav">
      <Filter>资源文件</Filter>
    </Media>
    <Media Include="RES\CHECK.wav">
      <Filter>资源文件</Filter>
    </Media>
    <Media Include="RES\CHECK2.wav">
      <Filter>资源文件</Filter>
    </Media>
    <Media Include="RES\CLICK.wav">
      <Filter>资源文件</Filter>
    </Media>
    <Media Include="RES\DRAW.wav">
      <Filter>资源文件</Filter>
    </Media>
    <Media Include="RES\ILLEGAL.wav">
      <Filter>资源文件</Filter>
    </Media>
    <Media Include="RES\LOSS.wav">
      <Filter>资源文件</Filter>
    </Media>
    <Media Include="RES\MOVE.wav">
      <Filter>资源文件</Filter>
    </Media>
    <Media Include="RES\MOVE2.wav">
      <Filter>资源文件</Filter>
    </Media>
    <Media Include="RES\WIN.wav">
      <Filter>资源文件</Filter>
    </Media>
  </ItemGroup>
</Project>